
Microsoft Visual Studio Solution File, Format Version 12.00
# Visual Studio Version 17
VisualStudioVersion = 17.5.002.0
MinimumVisualStudioVersion = 10.0.40219.1
Project("{9A19103F-16F7-4668-BE54-9A1E7A4F7556}") = "402A", "402A.csproj", "{0188E6CC-D30A-40CF-AA40-2C9B9D37DE9D}"
EndProject
Global
	GlobalSection(SolutionConfigurationPlatforms) = preSolution
		Debug|Any CPU = Debug|Any CPU
		Release|Any CPU = Release|Any CPU
	EndGlobalSection
	GlobalSection(ProjectConfigurationPlatforms) = postSolution
		{0188E6CC-D30A-40CF-AA40-2C9B9D37DE9D}.Debug|Any CPU.ActiveCfg = Debug|Any CPU
		{0188E6CC-D30A-40CF-AA40-2C9B9D37DE9D}.Debug|Any CPU.Build.0 = Debug|Any CPU
		{0188E6CC-D30A-40CF-AA40-2C9B9D37DE9D}.Release|Any CPU.ActiveCfg = Release|Any CPU
		{0188E6CC-D30A-40CF-AA40-2C9B9D37DE9D}.Release|Any CPU.Build.0 = Release|Any CPU
	EndGlobalSection
	GlobalSection(SolutionProperties) = preSolution
		HideSolutionNode = FALSE
	EndGlobalSection
	GlobalSection(ExtensibilityGlobals) = postSolution
		SolutionGuid = {1EF82EF4-16B7-41D6-BF7D-2E40B93DE3B2}
	EndGlobalSection
EndGlobal
